
Microsoft Visual Studio Solution File, Format Version 12.00
# Visual Studio 2015
Project("{FAE04EC0-301F-11D3-BF4B-00C04F79EFBC}") = "Advercity.CSharp", "Advercity.CSharp.csproj", "{F5424F31-6458-8B38-8ED0-0E1430CBADD1}"
EndProject
Project("{FAE04EC0-301F-11D3-BF4B-00C04F79EFBC}") = "Advercity.CSharp.Editor", "Advercity.CSharp.Editor.csproj", "{F112E477-71A4-1096-26DB-3883001AD600}"
EndProject
Global
	GlobalSection(SolutionConfigurationPlatforms) = preSolution
		Debug|Any CPU = Debug|Any CPU
		Release|Any CPU = Release|Any CPU
	EndGlobalSection
	GlobalSection(ProjectConfigurationPlatforms) = postSolution
		{F5424F31-6458-8B38-8ED0-0E1430CBADD1}.Debug|Any CPU.ActiveCfg = Debug|Any CPU
		{F5424F31-6458-8B38-8ED0-0E1430CBADD1}.Debug|Any CPU.Build.0 = Debug|Any CPU
		{F5424F31-6458-8B38-8ED0-0E1430CBADD1}.Release|Any CPU.ActiveCfg = Release|Any CPU
		{F5424F31-6458-8B38-8ED0-0E1430CBADD1}.Release|Any CPU.Build.0 = Release|Any CPU
		{F112E477-71A4-1096-26DB-3883001AD600}.Debug|Any CPU.ActiveCfg = Debug|Any CPU
		{F112E477-71A4-1096-26DB-3883001AD600}.Debug|Any CPU.Build.0 = Debug|Any CPU
		{F112E477-71A4-1096-26DB-3883001AD600}.Release|Any CPU.ActiveCfg = Release|Any CPU
		{F112E477-71A4-1096-26DB-3883001AD600}.Release|Any CPU.Build.0 = Release|Any CPU
	EndGlobalSection
	GlobalSection(SolutionProperties) = preSolution
		HideSolutionNode = FALSE
	EndGlobalSection
EndGlobal
